
Microsoft Visual Studio Solution File, Format Version 12.00
# Visual Studio Version 17
VisualStudioVersion = 17.14.36203.30 d17.14
MinimumVisualStudioVersion = 10.0.40219.1
Project("{FAE04EC0-301F-11D3-BF4B-00C04F79EFBC}") = "Programming", "Programming.csproj", "{4FA8A46B-BBDF-4F0D-8B7A-E9F1CF3F9AFB}"
EndProject
Global
	GlobalSection(SolutionConfigurationPlatforms) = preSolution
		Debug|Any CPU = Debug|Any CPU
		Release|Any CPU = Release|Any CPU
	EndGlobalSection
	GlobalSection(ProjectConfigurationPlatforms) = postSolution
		{4FA8A46B-BBDF-4F0D-8B7A-E9F1CF3F9AFB}.Debug|Any CPU.ActiveCfg = Debug|Any CPU
		{4FA8A46B-BBDF-4F0D-8B7A-E9F1CF3F9AFB}.Debug|Any CPU.Build.0 = Debug|Any CPU
		{4FA8A46B-BBDF-4F0D-8B7A-E9F1CF3F9AFB}.Release|Any CPU.ActiveCfg = Release|Any CPU
		{4FA8A46B-BBDF-4F0D-8B7A-E9F1CF3F9AFB}.Release|Any CPU.Build.0 = Release|Any CPU
	EndGlobalSection
	GlobalSection(SolutionProperties) = preSolution
		HideSolutionNode = FALSE
	EndGlobalSection
	GlobalSection(ExtensibilityGlobals) = postSolution
		SolutionGuid = {D24AFE73-30E4-4885-9290-7CB4721B5DFD}
	EndGlobalSection
EndGlobal
